
Microsoft Visual Studio Solution File, Format Version 12.00
# Visual Studio Version 17
VisualStudioVersion = 17.4.33205.214
MinimumVisualStudioVersion = 10.0.40219.1
Project("{FAE04EC0-301F-11D3-BF4B-00C04F79EFBC}") = "P01_StudentSystem", "P01_StudentSystem\P01_StudentSystem.csproj", "{567DC009-EA2D-4F5A-B9CF-40448B6955EB}"
EndProject
Global
	GlobalSection(SolutionConfigurationPlatforms) = preSolution
		Debug|Any CPU = Debug|Any CPU
		Release|Any CPU = Release|Any CPU
	EndGlobalSection
	GlobalSection(ProjectConfigurationPlatforms) = postSolution
		{567DC009-EA2D-4F5A-B9CF-40448B6955EB}.Debug|Any CPU.ActiveCfg = Debug|Any CPU
		{567DC009-EA2D-4F5A-B9CF-40448B6955EB}.Debug|Any CPU.Build.0 = Debug|Any CPU
		{567DC009-EA2D-4F5A-B9CF-40448B6955EB}.Release|Any CPU.ActiveCfg = Release|Any CPU
		{567DC009-EA2D-4F5A-B9CF-40448B6955EB}.Release|Any CPU.Build.0 = Release|Any CPU
	EndGlobalSection
	GlobalSection(SolutionProperties) = preSolution
		HideSolutionNode = FALSE
	EndGlobalSection
	GlobalSection(ExtensibilityGlobals) = postSolution
		SolutionGuid = {1676EAC4-40CA-4C93-969C-5F6AB6D23CAD}
	EndGlobalSection
EndGlobal
